
Microsoft Visual Studio Solution File, Format Version 12.00
# Visual Studio Version 17
VisualStudioVersion = 17.7.34031.279
MinimumVisualStudioVersion = 10.0.40219.1
Project("{9A19103F-16F7-4668-BE54-9A1E7A4F7556}") = "MqttService", "MqttService\MqttService.csproj", "{4F976149-4F4F-4ACA-A898-E32D7618449D}"
EndProject
Project("{9A19103F-16F7-4668-BE54-9A1E7A4F7556}") = "RaceServer", "RaceServer\RaceServer.csproj", "{B510D285-E6DB-4D57-815D-FBDB3D1A468C}"
EndProject
Project("{9A19103F-16F7-4668-BE54-9A1E7A4F7556}") = "InputServer", "InputServer\InputServer.csproj", "{46C2B944-7B02-4188-AC13-70DC736B7963}"
EndProject
Project("{9A19103F-16F7-4668-BE54-9A1E7A4F7556}") = "InputService", "InputService\InputService.csproj", "{5595FE61-8417-4AFB-9677-A2F2FFB63964}"
EndProject
Project("{9A19103F-16F7-4668-BE54-9A1E7A4F7556}") = "InputWpf", "InputWpf\InputWpf.csproj", "{567232EB-03E1-4B48-8F40-5E1D6D3266B6}"
EndProject
Project("{9A19103F-16F7-4668-BE54-9A1E7A4F7556}") = "AmpelWpf", "AmpelWpf\AmpelWpf.csproj", "{FD6744A1-7D28-4744-A006-A514B9B3B826}"
EndProject
Project("{9A19103F-16F7-4668-BE54-9A1E7A4F7556}") = "UnitTest", "UnitTest\UnitTest.csproj", "{7477652B-04AD-4721-BDEB-6A306B23534E}"
EndProject
Global
	GlobalSection(SolutionConfigurationPlatforms) = preSolution
		Debug|Any CPU = Debug|Any CPU
		Release|Any CPU = Release|Any CPU
	EndGlobalSection
	GlobalSection(ProjectConfigurationPlatforms) = postSolution
		{4F976149-4F4F-4ACA-A898-E32D7618449D}.Debug|Any CPU.ActiveCfg = Debug|Any CPU
		{4F976149-4F4F-4ACA-A898-E32D7618449D}.Debug|Any CPU.Build.0 = Debug|Any CPU
		{4F976149-4F4F-4ACA-A898-E32D7618449D}.Release|Any CPU.ActiveCfg = Release|Any CPU
		{4F976149-4F4F-4ACA-A898-E32D7618449D}.Release|Any CPU.Build.0 = Release|Any CPU
		{B510D285-E6DB-4D57-815D-FBDB3D1A468C}.Debug|Any CPU.ActiveCfg = Debug|Any CPU
		{B510D285-E6DB-4D57-815D-FBDB3D1A468C}.Debug|Any CPU.Build.0 = Debug|Any CPU
		{B510D285-E6DB-4D57-815D-FBDB3D1A468C}.Release|Any CPU.ActiveCfg = Release|Any CPU
		{B510D285-E6DB-4D57-815D-FBDB3D1A468C}.Release|Any CPU.Build.0 = Release|Any CPU
		{46C2B944-7B02-4188-AC13-70DC736B7963}.Debug|Any CPU.ActiveCfg = Debug|Any CPU
		{46C2B944-7B02-4188-AC13-70DC736B7963}.Debug|Any CPU.Build.0 = Debug|Any CPU
		{46C2B944-7B02-4188-AC13-70DC736B7963}.Release|Any CPU.ActiveCfg = Release|Any CPU
		{46C2B944-7B02-4188-AC13-70DC736B7963}.Release|Any CPU.Build.0 = Release|Any CPU
		{5595FE61-8417-4AFB-9677-A2F2FFB63964}.Debug|Any CPU.ActiveCfg = Debug|Any CPU
		{5595FE61-8417-4AFB-9677-A2F2FFB63964}.Debug|Any CPU.Build.0 = Debug|Any CPU
		{5595FE61-8417-4AFB-9677-A2F2FFB63964}.Release|Any CPU.ActiveCfg = Release|Any CPU
		{5595FE61-8417-4AFB-9677-A2F2FFB63964}.Release|Any CPU.Build.0 = Release|Any CPU
		{567232EB-03E1-4B48-8F40-5E1D6D3266B6}.Debug|Any CPU.ActiveCfg = Debug|Any CPU
		{567232EB-03E1-4B48-8F40-5E1D6D3266B6}.Debug|Any CPU.Build.0 = Debug|Any CPU
		{567232EB-03E1-4B48-8F40-5E1D6D3266B6}.Release|Any CPU.ActiveCfg = Release|Any CPU
		{567232EB-03E1-4B48-8F40-5E1D6D3266B6}.Release|Any CPU.Build.0 = Release|Any CPU
		{FD6744A1-7D28-4744-A006-A514B9B3B826}.Debug|Any CPU.ActiveCfg = Debug|Any CPU
		{FD6744A1-7D28-4744-A006-A514B9B3B826}.Debug|Any CPU.Build.0 = Debug|Any CPU
		{FD6744A1-7D28-4744-A006-A514B9B3B826}.Release|Any CPU.ActiveCfg = Release|Any CPU
		{FD6744A1-7D28-4744-A006-A514B9B3B826}.Release|Any CPU.Build.0 = Release|Any CPU
		{7477652B-04AD-4721-BDEB-6A306B23534E}.Debug|Any CPU.ActiveCfg = Debug|Any CPU
		{7477652B-04AD-4721-BDEB-6A306B23534E}.Debug|Any CPU.Build.0 = Debug|Any CPU
		{7477652B-04AD-4721-BDEB-6A306B23534E}.Release|Any CPU.ActiveCfg = Release|Any CPU
		{7477652B-04AD-4721-BDEB-6A306B23534E}.Release|Any CPU.Build.0 = Release|Any CPU
	EndGlobalSection
	GlobalSection(SolutionProperties) = preSolution
		HideSolutionNode = FALSE
	EndGlobalSection
	GlobalSection(ExtensibilityGlobals) = postSolution
		SolutionGuid = {8FAFEE3F-FDF9-44E4-886E-B44F4012F1A8}
	EndGlobalSection
EndGlobal
